
Microsoft Visual Studio Solution File, Format Version 12.00
# Visual Studio Version 16
VisualStudioVersion = 16.0.29613.14
MinimumVisualStudioVersion = 10.0.40219.1
Project("{FAE04EC0-301F-11D3-BF4B-00C04F79EFBC}") = "AppCenter_WinForm", "AppCenter_WinForm\AppCenter_WinForm.csproj", "{749D8D2F-AFAA-4DFD-9DD8-08CCE6BECA41}"
EndProject
Global
	GlobalSection(SolutionConfigurationPlatforms) = preSolution
		Debug|Any CPU = Debug|Any CPU
		Release|Any CPU = Release|Any CPU
	EndGlobalSection
	GlobalSection(ProjectConfigurationPlatforms) = postSolution
		{749D8D2F-AFAA-4DFD-9DD8-08CCE6BECA41}.Debug|Any CPU.ActiveCfg = Debug|Any CPU
		{749D8D2F-AFAA-4DFD-9DD8-08CCE6BECA41}.Debug|Any CPU.Build.0 = Debug|Any CPU
		{749D8D2F-AFAA-4DFD-9DD8-08CCE6BECA41}.Release|Any CPU.ActiveCfg = Release|Any CPU
		{749D8D2F-AFAA-4DFD-9DD8-08CCE6BECA41}.Release|Any CPU.Build.0 = Release|Any CPU
	EndGlobalSection
	GlobalSection(SolutionProperties) = preSolution
		HideSolutionNode = FALSE
	EndGlobalSection
	GlobalSection(ExtensibilityGlobals) = postSolution
		SolutionGuid = {079433D1-BE3C-497B-9FF7-C8AD6C45E858}
	EndGlobalSection
EndGlobal
